
Microsoft Visual Studio Solution File, Format Version 12.00
Project("{FAE04EC0-301F-11D3-BF4B-00C04F79EFBC}") = "TodoApp", "TodoApp.csproj", "{F1134CFD-15AE-4D30-ABFA-5D85ACC8EFFC}"
EndProject
Project("{2150E333-8FDC-42A3-9474-1A3956D46DE8}") = "Solution Items", "Solution Items", "{957BFFE5-2839-4AB5-BE4A-8DCE7018AAA2}"
	ProjectSection(SolutionItems) = preProject
		compose.yaml = compose.yaml
	EndProjectSection
EndProject
Global
	GlobalSection(SolutionConfigurationPlatforms) = preSolution
		Debug|Any CPU = Debug|Any CPU
		Release|Any CPU = Release|Any CPU
	EndGlobalSection
	GlobalSection(ProjectConfigurationPlatforms) = postSolution
		{F1134CFD-15AE-4D30-ABFA-5D85ACC8EFFC}.Debug|Any CPU.ActiveCfg = Debug|Any CPU
		{F1134CFD-15AE-4D30-ABFA-5D85ACC8EFFC}.Debug|Any CPU.Build.0 = Debug|Any CPU
		{F1134CFD-15AE-4D30-ABFA-5D85ACC8EFFC}.Release|Any CPU.ActiveCfg = Release|Any CPU
		{F1134CFD-15AE-4D30-ABFA-5D85ACC8EFFC}.Release|Any CPU.Build.0 = Release|Any CPU
	EndGlobalSection
EndGlobal
